
Microsoft Visual Studio Solution File, Format Version 12.00
# Visual Studio Version 16
VisualStudioVersion = 16.0.31911.196
MinimumVisualStudioVersion = 10.0.40219.1
Project("{FAE04EC0-301F-11D3-BF4B-00C04F79EFBC}") = "CoreWebApi", "CoreWebApi\CoreWebApi.csproj", "{58DAE241-68C6-4ACA-B953-21E3025670B3}"
EndProject
Global
	GlobalSection(SolutionConfigurationPlatforms) = preSolution
		Debug|Any CPU = Debug|Any CPU
		Release|Any CPU = Release|Any CPU
	EndGlobalSection
	GlobalSection(ProjectConfigurationPlatforms) = postSolution
		{58DAE241-68C6-4ACA-B953-21E3025670B3}.Debug|Any CPU.ActiveCfg = Debug|Any CPU
		{58DAE241-68C6-4ACA-B953-21E3025670B3}.Debug|Any CPU.Build.0 = Debug|Any CPU
		{58DAE241-68C6-4ACA-B953-21E3025670B3}.Release|Any CPU.ActiveCfg = Release|Any CPU
		{58DAE241-68C6-4ACA-B953-21E3025670B3}.Release|Any CPU.Build.0 = Release|Any CPU
	EndGlobalSection
	GlobalSection(SolutionProperties) = preSolution
		HideSolutionNode = FALSE
	EndGlobalSection
	GlobalSection(ExtensibilityGlobals) = postSolution
		SolutionGuid = {AEE6652A-905D-4124-B6B7-B84633BE8AD5}
	EndGlobalSection
EndGlobal
